// !$*UTF8*$!
{
	archiveVersion = 1;
	classes = {
	};
	objectVersion = 48;
	objects = {

/* Begin PBXGroup section */
		183376D81FEBF8D7005A3D2B = {
			isa = PBXGroup;
			children = (
			);
			sourceTree = "<group>";
		};
/* End PBXGroup section */

/* Begin PBXProject section */
		183376D91FEBF8D7005A3D2B /* Project object */ = {
			isa = PBXProject;
			attributes = {
				LastUpgradeCheck = 0920;
			};
			buildConfigurationList = 183376DC1FEBF8D7005A3D2B /* Build configuration list for PBXProject "myBlog" */;
			compatibilityVersion = "Xcode 8.0";
			developmentRegion = en;
			hasScannedForEncodings = 0;
			knownRegions = (
				en,
			);
			mainGroup = 183376D81FEBF8D7005A3D2B;
			projectDirPath = "";
			projectRoot = "";
			targets = (
			);
		};
/* End PBXProject section */

/* Begin XCBuildConfiguration section */
		183376DD1FEBF8D7005A3D2B /* Debug */ = {
			isa = XCBuildConfiguration;
			buildSettings = {
			};
			name = Debug;
		};
		183376DE1FEBF8D7005A3D2B /* Release */ = {
			isa = XCBuildConfiguration;
			buildSettings = {
			};
			name = Release;
		};
/* End XCBuildConfiguration section */

/* Begin XCConfigurationList section */
		183376DC1FEBF8D7005A3D2B /* Build configuration list for PBXProject "myBlog" */ = {
			isa = XCConfigurationList;
			buildConfigurations = (
				183376DD1FEBF8D7005A3D2B /* Debug */,
				183376DE1FEBF8D7005A3D2B /* Release */,
			);
			defaultConfigurationIsVisible = 0;
			defaultConfigurationName = Release;
		};
/* End XCConfigurationList section */
	};
	rootObject = 183376D91FEBF8D7005A3D2B /* Project object */;
}
